// !$*UTF8*$!
{
	archiveVersion = 1;
	classes = {
	};
	objectVersion = 46;
	objects = {

/* Begin PBXBuildFile section */
		95016F1F1D23D1D4003460ED /* UserManager.m in Sources */ = {isa = PBXBuildFile; fileRef = 95016F1E1D23D1D4003460ED /* UserManager.m */; };
		95016F921D23E1FF003460ED /* QuartzCore.framework in Frameworks */ = {isa = PBXBuildFile; fileRef = 95016F911D23E1FF003460ED /* QuartzCore.framework */; };
		95016F991D24B7C0003460ED /* Toast+UIView.m in Sources */ = {isa = PBXBuildFile; fileRef = 95016F981D24B7C0003460ED /* Toast+UIView.m */; settings = {COMPILER_FLAGS = "-fno-objc-arc"; }; };
		95016F9C1D24B7F5003460ED /* LYToast.m in Sources */ = {isa = PBXBuildFile; fileRef = 95016F9B1D24B7F5003460ED /* LYToast.m */; };
		95016FA01D24BC1B003460ED /* FetchBaseTask.m in Sources */ = {isa = PBXBuildFile; fileRef = 95016F9F1D24BC1B003460ED /* FetchBaseTask.m */; };
		95016FA91D24C0DE003460ED /* HttpUtil.m in Sources */ = {isa = PBXBuildFile; fileRef = 95016FA81D24C0DE003460ED /* HttpUtil.m */; };
		95016FCD1D24C5B0003460ED /* AFHTTPSessionManager.m in Sources */ = {isa = PBXBuildFile; fileRef = 95016FAC1D24C5B0003460ED /* AFHTTPSessionManager.m */; };
		95016FCE1D24C5B0003460ED /* AFNetworkReachabilityManager.m in Sources */ = {isa = PBXBuildFile; fileRef = 95016FAF1D24C5B0003460ED /* AFNetworkReachabilityManager.m */; };
		95016FCF1D24C5B0003460ED /* AFSecurityPolicy.m in Sources */ = {isa = PBXBuildFile; fileRef = 95016FB11D24C5B0003460ED /* AFSecurityPolicy.m */; };
		95016FD01D24C5B0003460ED /* AFURLRequestSerialization.m in Sources */ = {isa = PBXBuildFile; fileRef = 95016FB31D24C5B0003460ED /* AFURLRequestSerialization.m */; };
		95016FD11D24C5B0003460ED /* AFURLResponseSerialization.m in Sources */ = {isa = PBXBuildFile; fileRef = 95016FB51D24C5B0003460ED /* AFURLResponseSerialization.m */; };
		95016FD21D24C5B0003460ED /* AFURLSessionManager.m in Sources */ = {isa = PBXBuildFile; fileRef = 95016FB71D24C5B0003460ED /* AFURLSessionManager.m */; };
		95016FD31D24C5B0003460ED /* AFAutoPurgingImageCache.m in Sources */ = {isa = PBXBuildFile; fileRef = 95016FBA1D24C5B0003460ED /* AFAutoPurgingImageCache.m */; };
		95016FD41D24C5B0003460ED /* AFImageDownloader.m in Sources */ = {isa = PBXBuildFile; fileRef = 95016FBC1D24C5B0003460ED /* AFImageDownloader.m */; };
		95016FD51D24C5B0003460ED /* AFNetworkActivityIndicatorManager.m in Sources */ = {isa = PBXBuildFile; fileRef = 95016FBE1D24C5B0003460ED /* AFNetworkActivityIndicatorManager.m */; };
		95016FD61D24C5B0003460ED /* UIActivityIndicatorView+AFNetworking.m in Sources */ = {isa = PBXBuildFile; fileRef = 95016FC01D24C5B0003460ED /* UIActivityIndicatorView+AFNetworking.m */; };
		95016FD71D24C5B0003460ED /* UIButton+AFNetworking.m in Sources */ = {isa = PBXBuildFile; fileRef = 95016FC21D24C5B0003460ED /* UIButton+AFNetworking.m */; };
		95016FD81D24C5B0003460ED /* UIImageView+AFNetworking.m in Sources */ = {isa = PBXBuildFile; fileRef = 95016FC51D24C5B0003460ED /* UIImageView+AFNetworking.m */; };
		95016FD91D24C5B0003460ED /* UIProgressView+AFNetworking.m in Sources */ = {isa = PBXBuildFile; fileRef = 95016FC81D24C5B0003460ED /* UIProgressView+AFNetworking.m */; };
		95016FDA1D24C5B0003460ED /* UIRefreshControl+AFNetworking.m in Sources */ = {isa = PBXBuildFile; fileRef = 95016FCA1D24C5B0003460ED /* UIRefreshControl+AFNetworking.m */; };
		95016FDB1D24C5B0003460ED /* UIWebView+AFNetworking.m in Sources */ = {isa = PBXBuildFile; fileRef = 95016FCC1D24C5B0003460ED /* UIWebView+AFNetworking.m */; };
		9526975B1D27A466001A6E3B /* JSPatch.framework in Frameworks */ = {isa = PBXBuildFile; fileRef = 9526975A1D27A466001A6E3B /* JSPatch.framework */; };
		9526975D1D27A4D1001A6E3B /* libz.1.2.5.tbd in Frameworks */ = {isa = PBXBuildFile; fileRef = 9526975C1D27A4D1001A6E3B /* libz.1.2.5.tbd */; };
		9526975F1D27A4DA001A6E3B /* JavaScriptCore.framework in Frameworks */ = {isa = PBXBuildFile; fileRef = 9526975E1D27A4DA001A6E3B /* JavaScriptCore.framework */; };
		952697621D27C9D7001A6E3B /* LYTitleCell.m in Sources */ = {isa = PBXBuildFile; fileRef = 952697611D27C9D7001A6E3B /* LYTitleCell.m */; };
		9579E2201D291DF400F499DD /* LYSolveCell.m in Sources */ = {isa = PBXBuildFile; fileRef = 9579E21E1D291DF400F499DD /* LYSolveCell.m */; };
		9579E2211D291DF400F499DD /* LYSolveCell.xib in Resources */ = {isa = PBXBuildFile; fileRef = 9579E21F1D291DF400F499DD /* LYSolveCell.xib */; };
		957FA71A1D274D0500F17E7A /* LYStudyViewController.m in Sources */ = {isa = PBXBuildFile; fileRef = 957FA7191D274D0500F17E7A /* LYStudyViewController.m */; };
		957FA71E1D2A053500F17E7A /* LYSettingViewController.m in Sources */ = {isa = PBXBuildFile; fileRef = 957FA71D1D2A053500F17E7A /* LYSettingViewController.m */; };
		957FA7221D2A0B8900F17E7A /* LYSettingCell.m in Sources */ = {isa = PBXBuildFile; fileRef = 957FA7211D2A0B8900F17E7A /* LYSettingCell.m */; };
		957FA72E1D2A695500F17E7A /* UIScrollView+SVInfiniteScrolling.m in Sources */ = {isa = PBXBuildFile; fileRef = 957FA72A1D2A695500F17E7A /* UIScrollView+SVInfiniteScrolling.m */; };
		957FA72F1D2A695500F17E7A /* UIScrollView+SVPullToRefresh.m in Sources */ = {isa = PBXBuildFile; fileRef = 957FA72C1D2A695500F17E7A /* UIScrollView+SVPullToRefresh.m */; };
		957FA7331D2A6D7A00F17E7A /* LYLocalUtil.m in Sources */ = {isa = PBXBuildFile; fileRef = 957FA7321D2A6D7A00F17E7A /* LYLocalUtil.m */; };
		957FA7511D2CFE0600F17E7A /* CLIColor.m in Sources */ = {isa = PBXBuildFile; fileRef = 957FA7371D2CFE0600F17E7A /* CLIColor.m */; };
		957FA7531D2CFE0600F17E7A /* DDAbstractDatabaseLogger.m in Sources */ = {isa = PBXBuildFile; fileRef = 957FA73B1D2CFE0600F17E7A /* DDAbstractDatabaseLogger.m */; };
		957FA7541D2CFE0600F17E7A /* DDASLLogCapture.m in Sources */ = {isa = PBXBuildFile; fileRef = 957FA73D1D2CFE0600F17E7A /* DDASLLogCapture.m */; };
		957FA7551D2CFE0600F17E7A /* DDASLLogger.m in Sources */ = {isa = PBXBuildFile; fileRef = 957FA73F1D2CFE0600F17E7A /* DDASLLogger.m */; };
		957FA7561D2CFE0600F17E7A /* DDFileLogger.m in Sources */ = {isa = PBXBuildFile; fileRef = 957FA7421D2CFE0600F17E7A /* DDFileLogger.m */; };
		957FA7571D2CFE0600F17E7A /* DDLog.m in Sources */ = {isa = PBXBuildFile; fileRef = 957FA7461D2CFE0600F17E7A /* DDLog.m */; };
		957FA7581D2CFE0600F17E7A /* DDTTYLogger.m in Sources */ = {isa = PBXBuildFile; fileRef = 957FA7491D2CFE0600F17E7A /* DDTTYLogger.m */; };
		957FA7591D2CFE0600F17E7A /* DDContextFilterLogFormatter.m in Sources */ = {isa = PBXBuildFile; fileRef = 957FA74C1D2CFE0600F17E7A /* DDContextFilterLogFormatter.m */; };
		957FA75A1D2CFE0600F17E7A /* DDDispatchQueueLogFormatter.m in Sources */ = {isa = PBXBuildFile; fileRef = 957FA74E1D2CFE0600F17E7A /* DDDispatchQueueLogFormatter.m */; };
		957FA75B1D2CFE0600F17E7A /* DDMultiFormatter.m in Sources */ = {isa = PBXBuildFile; fileRef = 957FA7501D2CFE0600F17E7A /* DDMultiFormatter.m */; };
		957FA75E1D2D06F600F17E7A /* LogManager.m in Sources */ = {isa = PBXBuildFile; fileRef = 957FA75D1D2D06F600F17E7A /* LogManager.m */; };
		95ACB35A1CE5D05100062FCA /* main.m in Sources */ = {isa = PBXBuildFile; fileRef = 95ACB3591CE5D05100062FCA /* main.m */; };
		95ACB35D1CE5D05100062FCA /* AppDelegate.m in Sources */ = {isa = PBXBuildFile; fileRef = 95ACB35C1CE5D05100062FCA /* AppDelegate.m */; };
		95ACB3601CE5D05100062FCA /* GuaItemDetailViewController.m in Sources */ = {isa = PBXBuildFile; fileRef = 95ACB35F1CE5D05100062FCA /* GuaItemDetailViewController.m */; };
		95ACB3631CE5D05100062FCA /* Main.storyboard in Resources */ = {isa = PBXBuildFile; fileRef = 95ACB3611CE5D05100062FCA /* Main.storyboard */; };
		95ACB3651CE5D05100062FCA /* Assets.xcassets in Resources */ = {isa = PBXBuildFile; fileRef = 95ACB3641CE5D05100062FCA /* Assets.xcassets */; };
		95ACB3681CE5D05100062FCA /* LaunchScreen.storyboard in Resources */ = {isa = PBXBuildFile; fileRef = 95ACB3661CE5D05100062FCA /* LaunchScreen.storyboard */; };
		95ACB38D1CE5D65D00062FCA /* YYView.m in Sources */ = {isa = PBXBuildFile; fileRef = 95ACB38C1CE5D65D00062FCA /* YYView.m */; };
		95ACB3931CE5DCD500062FCA /* BaGuaView.m in Sources */ = {isa = PBXBuildFile; fileRef = 95ACB3921CE5DCD500062FCA /* BaGuaView.m */; };
		95ACB3961CE5E90200062FCA /* GuaManager.m in Sources */ = {isa = PBXBuildFile; fileRef = 95ACB3951CE5E90200062FCA /* GuaManager.m */; };
		95EC49C91D17FA8500C39546 /* LYMainViewController.m in Sources */ = {isa = PBXBuildFile; fileRef = 95EC49C81D17FA8500C39546 /* LYMainViewController.m */; };
		95EC49CD1D17FB9400C39546 /* LYClientViewController.m in Sources */ = {isa = PBXBuildFile; fileRef = 95EC49CC1D17FB9400C39546 /* LYClientViewController.m */; };
		95EC49D21D19116400C39546 /* QiGuaAlertView.m in Sources */ = {isa = PBXBuildFile; fileRef = 95EC49D11D19116400C39546 /* QiGuaAlertView.m */; };
		95EC49D61D192A0600C39546 /* UIColor+Hex.m in Sources */ = {isa = PBXBuildFile; fileRef = 95EC49D51D192A0600C39546 /* UIColor+Hex.m */; };
		95EC49DB1D1A5D4300C39546 /* LYHelpViewController.m in Sources */ = {isa = PBXBuildFile; fileRef = 95EC49DA1D1A5D4300C39546 /* LYHelpViewController.m */; };
		95EC49E21D1A9F1300C39546 /* JingRoundView.m in Sources */ = {isa = PBXBuildFile; fileRef = 95EC49E01D1A9F1300C39546 /* JingRoundView.m */; };
		95EC49E71D1BBB4D00C39546 /* LYMyHistoryViewController.m in Sources */ = {isa = PBXBuildFile; fileRef = 95EC49E61D1BBB4D00C39546 /* LYMyHistoryViewController.m */; };
		95EC49EE1D1BBFA400C39546 /* LYLoginViewController.m in Sources */ = {isa = PBXBuildFile; fileRef = 95EC49ED1D1BBFA400C39546 /* LYLoginViewController.m */; };
		95EC49F11D1BBFB100C39546 /* LYRegisterViewController.m in Sources */ = {isa = PBXBuildFile; fileRef = 95EC49F01D1BBFB100C39546 /* LYRegisterViewController.m */; };
		95EC49F61D1BEAFE00C39546 /* LYProtocalViewController.m in Sources */ = {isa = PBXBuildFile; fileRef = 95EC49F51D1BEAFE00C39546 /* LYProtocalViewController.m */; };
		95EC49F81D1BEB5900C39546 /* protocal.txt in Resources */ = {isa = PBXBuildFile; fileRef = 95EC49F71D1BEB5900C39546 /* protocal.txt */; };
/* End PBXBuildFile section */

/* Begin PBXFileReference section */
		95016F1D1D23D1D4003460ED /* UserManager.h */ = {isa = PBXFileReference; fileEncoding = 4; lastKnownFileType = sourcecode.c.h; path = UserManager.h; sourceTree = "<group>"; };
		95016F1E1D23D1D4003460ED /* UserManager.m */ = {isa = PBXFileReference; fileEncoding = 4; lastKnownFileType = sourcecode.c.objc; path = UserManager.m; sourceTree = "<group>"; };
		95016F911D23E1FF003460ED /* QuartzCore.framework */ = {isa = PBXFileReference; lastKnownFileType = wrapper.framework; name = QuartzCore.framework; path = System/Library/Frameworks/QuartzCore.framework; sourceTree = SDKROOT; };
		95016F971D24B7C0003460ED /* Toast+UIView.h */ = {isa = PBXFileReference; fileEncoding = 4; lastKnownFileType = sourcecode.c.h; path = "Toast+UIView.h"; sourceTree = "<group>"; };
		95016F981D24B7C0003460ED /* Toast+UIView.m */ = {isa = PBXFileReference; fileEncoding = 4; lastKnownFileType = sourcecode.c.objc; path = "Toast+UIView.m"; sourceTree = "<group>"; };
		95016F9A1D24B7F5003460ED /* LYToast.h */ = {isa = PBXFileReference; fileEncoding = 4; lastKnownFileType = sourcecode.c.h; path = LYToast.h; sourceTree = "<group>"; };
		95016F9B1D24B7F5003460ED /* LYToast.m */ = {isa = PBXFileReference; fileEncoding = 4; lastKnownFileType = sourcecode.c.objc; path = LYToast.m; sourceTree = "<group>"; };
		95016F9E1D24BC1B003460ED /* FetchBaseTask.h */ = {isa = PBXFileReference; fileEncoding = 4; lastKnownFileType = sourcecode.c.h; name = FetchBaseTask.h; path = Http/FetchBaseTask.h; sourceTree = "<group>"; };
		95016F9F1D24BC1B003460ED /* FetchBaseTask.m */ = {isa = PBXFileReference; fileEncoding = 4; lastKnownFileType = sourcecode.c.objc; name = FetchBaseTask.m; path = Http/FetchBaseTask.m; sourceTree = "<group>"; };
		95016FA71D24C0DE003460ED /* HttpUtil.h */ = {isa = PBXFileReference; fileEncoding = 4; lastKnownFileType = sourcecode.c.h; name = HttpUtil.h; path = Http/HttpUtil.h; sourceTree = "<group>"; };
		95016FA81D24C0DE003460ED /* HttpUtil.m */ = {isa = PBXFileReference; fileEncoding = 4; lastKnownFileType = sourcecode.c.objc; name = HttpUtil.m; path = Http/HttpUtil.m; sourceTree = "<group>"; };
		95016FAB1D24C5B0003460ED /* AFHTTPSessionManager.h */ = {isa = PBXFileReference; fileEncoding = 4; lastKnownFileType = sourcecode.c.h; path = AFHTTPSessionManager.h; sourceTree = "<group>"; };
		95016FAC1D24C5B0003460ED /* AFHTTPSessionManager.m */ = {isa = PBXFileReference; fileEncoding = 4; lastKnownFileType = sourcecode.c.objc; path = AFHTTPSessionManager.m; sourceTree = "<group>"; };
		95016FAD1D24C5B0003460ED /* AFNetworking.h */ = {isa = PBXFileReference; fileEncoding = 4; lastKnownFileType = sourcecode.c.h; path = AFNetworking.h; sourceTree = "<group>"; };
		95016FAE1D24C5B0003460ED /* AFNetworkReachabilityManager.h */ = {isa = PBXFileReference; fileEncoding = 4; lastKnownFileType = sourcecode.c.h; path = AFNetworkReachabilityManager.h; sourceTree = "<group>"; };
		95016FAF1D24C5B0003460ED /* AFNetworkReachabilityManager.m */ = {isa = PBXFileReference; fileEncoding = 4; lastKnownFileType = sourcecode.c.objc; path = AFNetworkReachabilityManager.m; sourceTree = "<group>"; };
		95016FB01D24C5B0003460ED /* AFSecurityPolicy.h */ = {isa = PBXFileReference; fileEncoding = 4; lastKnownFileType = sourcecode.c.h; path = AFSecurityPolicy.h; sourceTree = "<group>"; };
		95016FB11D24C5B0003460ED /* AFSecurityPolicy.m */ = {isa = PBXFileReference; fileEncoding = 4; lastKnownFileType = sourcecode.c.objc; lineEnding = 0; path = AFSecurityPolicy.m; sourceTree = "<group>"; xcLanguageSpecificationIdentifier = xcode.lang.objc; };
		95016FB21D24C5B0003460ED /* AFURLRequestSerialization.h */ = {isa = PBXFileReference; fileEncoding = 4; lastKnownFileType = sourcecode.c.h; path = AFURLRequestSerialization.h; sourceTree = "<group>"; };
		95016FB31D24C5B0003460ED /* AFURLRequestSerialization.m */ = {isa = PBXFileReference; fileEncoding = 4; lastKnownFileType = sourcecode.c.objc; path = AFURLRequestSerialization.m; sourceTree = "<group>"; };
		95016FB41D24C5B0003460ED /* AFURLResponseSerialization.h */ = {isa = PBXFileReference; fileEncoding = 4; lastKnownFileType = sourcecode.c.h; path = AFURLResponseSerialization.h; sourceTree = "<group>"; };
		95016FB51D24C5B0003460ED /* AFURLResponseSerialization.m */ = {isa = PBXFileReference; fileEncoding = 4; lastKnownFileType = sourcecode.c.objc; path = AFURLResponseSerialization.m; sourceTree = "<group>"; };
		95016FB61D24C5B0003460ED /* AFURLSessionManager.h */ = {isa = PBXFileReference; fileEncoding = 4; lastKnownFileType = sourcecode.c.h; path = AFURLSessionManager.h; sourceTree = "<group>"; };
		95016FB71D24C5B0003460ED /* AFURLSessionManager.m */ = {isa = PBXFileReference; fileEncoding = 4; lastKnownFileType = sourcecode.c.objc; path = AFURLSessionManager.m; sourceTree = "<group>"; };
		95016FB91D24C5B0003460ED /* AFAutoPurgingImageCache.h */ = {isa = PBXFileReference; fileEncoding = 4; lastKnownFileType = sourcecode.c.h; path = AFAutoPurgingImageCache.h; sourceTree = "<group>"; };
		95016FBA1D24C5B0003460ED /* AFAutoPurgingImageCache.m */ = {isa = PBXFileReference; fileEncoding = 4; lastKnownFileType = sourcecode.c.objc; path = AFAutoPurgingImageCache.m; sourceTree = "<group>"; };
		95016FBB1D24C5B0003460ED /* AFImageDownloader.h */ = {isa = PBXFileReference; fileEncoding = 4; lastKnownFileType = sourcecode.c.h; path = AFImageDownloader.h; sourceTree = "<group>"; };
		95016FBC1D24C5B0003460ED /* AFImageDownloader.m */ = {isa = PBXFileReference; fileEncoding = 4; lastKnownFileType = sourcecode.c.objc; path = AFImageDownloader.m; sourceTree = "<group>"; };
		95016FBD1D24C5B0003460ED /* AFNetworkActivityIndicatorManager.h */ = {isa = PBXFileReference; fileEncoding = 4; lastKnownFileType = sourcecode.c.h; path = AFNetworkActivityIndicatorManager.h; sourceTree = "<group>"; };
		95016FBE1D24C5B0003460ED /* AFNetworkActivityIndicatorManager.m */ = {isa = PBXFileReference; fileEncoding = 4; lastKnownFileType = sourcecode.c.objc; path = AFNetworkActivityIndicatorManager.m; sourceTree = "<group>"; };
		95016FBF1D24C5B0003460ED /* UIActivityIndicatorView+AFNetworking.h */ = {isa = PBXFileReference; fileEncoding = 4; lastKnownFileType = sourcecode.c.h; path = "UIActivityIndicatorView+AFNetworking.h"; sourceTree = "<group>"; };
		95016FC01D24C5B0003460ED /* UIActivityIndicatorView+AFNetworking.m */ = {isa = PBXFileReference; fileEncoding = 4; lastKnownFileType = sourcecode.c.objc; path = "UIActivityIndicatorView+AFNetworking.m"; sourceTree = "<group>"; };
		95016FC11D24C5B0003460ED /* UIButton+AFNetworking.h */ = {isa = PBXFileReference; fileEncoding = 4; lastKnownFileType = sourcecode.c.h; path = "UIButton+AFNetworking.h"; sourceTree = "<group>"; };
		95016FC21D24C5B0003460ED /* UIButton+AFNetworking.m */ = {isa = PBXFileReference; fileEncoding = 4; lastKnownFileType = sourcecode.c.objc; path = "UIButton+AFNetworking.m"; sourceTree = "<group>"; };
		95016FC31D24C5B0003460ED /* UIImage+AFNetworking.h */ = {isa = PBXFileReference; fileEncoding = 4; lastKnownFileType = sourcecode.c.h; path = "UIImage+AFNetworking.h"; sourceTree = "<group>"; };
		95016FC41D24C5B0003460ED /* UIImageView+AFNetworking.h */ = {isa = PBXFileReference; fileEncoding = 4; lastKnownFileType = sourcecode.c.h; path = "UIImageView+AFNetworking.h"; sourceTree = "<group>"; };
		95016FC51D24C5B0003460ED /* UIImageView+AFNetworking.m */ = {isa = PBXFileReference; fileEncoding = 4; lastKnownFileType = sourcecode.c.objc; path = "UIImageView+AFNetworking.m"; sourceTree = "<group>"; };
		95016FC61D24C5B0003460ED /* UIKit+AFNetworking.h */ = {isa = PBXFileReference; fileEncoding = 4; lastKnownFileType = sourcecode.c.h; path = "UIKit+AFNetworking.h"; sourceTree = "<group>"; };
		95016FC71D24C5B0003460ED /* UIProgressView+AFNetworking.h */ = {isa = PBXFileReference; fileEncoding = 4; lastKnownFileType = sourcecode.c.h; path = "UIProgressView+AFNetworking.h"; sourceTree = "<group>"; };
		95016FC81D24C5B0003460ED /* UIProgressView+AFNetworking.m */ = {isa = PBXFileReference; fileEncoding = 4; lastKnownFileType = sourcecode.c.objc; path = "UIProgressView+AFNetworking.m"; sourceTree = "<group>"; };
		95016FC91D24C5B0003460ED /* UIRefreshControl+AFNetworking.h */ = {isa = PBXFileReference; fileEncoding = 4; lastKnownFileType = sourcecode.c.h; path = "UIRefreshControl+AFNetworking.h"; sourceTree = "<group>"; };
		95016FCA1D24C5B0003460ED /* UIRefreshControl+AFNetworking.m */ = {isa = PBXFileReference; fileEncoding = 4; lastKnownFileType = sourcecode.c.objc; path = "UIRefreshControl+AFNetworking.m"; sourceTree = "<group>"; };
		95016FCB1D24C5B0003460ED /* UIWebView+AFNetworking.h */ = {isa = PBXFileReference; fileEncoding = 4; lastKnownFileType = sourcecode.c.h; path = "UIWebView+AFNetworking.h"; sourceTree = "<group>"; };
		95016FCC1D24C5B0003460ED /* UIWebView+AFNetworking.m */ = {isa = PBXFileReference; fileEncoding = 4; lastKnownFileType = sourcecode.c.objc; path = "UIWebView+AFNetworking.m"; sourceTree = "<group>"; };
		9526975A1D27A466001A6E3B /* JSPatch.framework */ = {isa = PBXFileReference; lastKnownFileType = wrapper.framework; path = JSPatch.framework; sourceTree = "<group>"; };
		9526975C1D27A4D1001A6E3B /* libz.1.2.5.tbd */ = {isa = PBXFileReference; lastKnownFileType = "sourcecode.text-based-dylib-definition"; name = libz.1.2.5.tbd; path = usr/lib/libz.1.2.5.tbd; sourceTree = SDKROOT; };
		9526975E1D27A4DA001A6E3B /* JavaScriptCore.framework */ = {isa = PBXFileReference; lastKnownFileType = wrapper.framework; name = JavaScriptCore.framework; path = System/Library/Frameworks/JavaScriptCore.framework; sourceTree = SDKROOT; };
		952697601D27C9D7001A6E3B /* LYTitleCell.h */ = {isa = PBXFileReference; fileEncoding = 4; lastKnownFileType = sourcecode.c.h; name = LYTitleCell.h; path = Learn/LYTitleCell.h; sourceTree = "<group>"; };
		952697611D27C9D7001A6E3B /* LYTitleCell.m */ = {isa = PBXFileReference; fileEncoding = 4; lastKnownFileType = sourcecode.c.objc; name = LYTitleCell.m; path = Learn/LYTitleCell.m; sourceTree = "<group>"; };
		9579E21D1D291DF400F499DD /* LYSolveCell.h */ = {isa = PBXFileReference; fileEncoding = 4; lastKnownFileType = sourcecode.c.h; name = LYSolveCell.h; path = Learn/LYSolveCell.h; sourceTree = "<group>"; };
		9579E21E1D291DF400F499DD /* LYSolveCell.m */ = {isa = PBXFileReference; fileEncoding = 4; lastKnownFileType = sourcecode.c.objc; name = LYSolveCell.m; path = Learn/LYSolveCell.m; sourceTree = "<group>"; };
		9579E21F1D291DF400F499DD /* LYSolveCell.xib */ = {isa = PBXFileReference; fileEncoding = 4; lastKnownFileType = file.xib; name = LYSolveCell.xib; path = Learn/LYSolveCell.xib; sourceTree = "<group>"; };
		957FA7181D274D0500F17E7A /* LYStudyViewController.h */ = {isa = PBXFileReference; fileEncoding = 4; lastKnownFileType = sourcecode.c.h; name = LYStudyViewController.h; path = Learn/LYStudyViewController.h; sourceTree = "<group>"; };
		957FA7191D274D0500F17E7A /* LYStudyViewController.m */ = {isa = PBXFileReference; fileEncoding = 4; lastKnownFileType = sourcecode.c.objc; name = LYStudyViewController.m; path = Learn/LYStudyViewController.m; sourceTree = "<group>"; };
		957FA71C1D2A053500F17E7A /* LYSettingViewController.h */ = {isa = PBXFileReference; fileEncoding = 4; lastKnownFileType = sourcecode.c.h; name = LYSettingViewController.h; path = setting/LYSettingViewController.h; sourceTree = "<group>"; };
		957FA71D1D2A053500F17E7A /* LYSettingViewController.m */ = {isa = PBXFileReference; fileEncoding = 4; lastKnownFileType = sourcecode.c.objc; name = LYSettingViewController.m; path = setting/LYSettingViewController.m; sourceTree = "<group>"; };
		957FA7201D2A0B8900F17E7A /* LYSettingCell.h */ = {isa = PBXFileReference; fileEncoding = 4; lastKnownFileType = sourcecode.c.h; name = LYSettingCell.h; path = setting/LYSettingCell.h; sourceTree = "<group>"; };
		957FA7211D2A0B8900F17E7A /* LYSettingCell.m */ = {isa = PBXFileReference; fileEncoding = 4; lastKnownFileType = sourcecode.c.objc; name = LYSettingCell.m; path = setting/LYSettingCell.m; sourceTree = "<group>"; };
		957FA7281D2A695500F17E7A /* SVPullToRefresh.h */ = {isa = PBXFileReference; fileEncoding = 4; lastKnownFileType = sourcecode.c.h; path = SVPullToRefresh.h; sourceTree = "<group>"; };
		957FA7291D2A695500F17E7A /* UIScrollView+SVInfiniteScrolling.h */ = {isa = PBXFileReference; fileEncoding = 4; lastKnownFileType = sourcecode.c.h; path = "UIScrollView+SVInfiniteScrolling.h"; sourceTree = "<group>"; };
		957FA72A1D2A695500F17E7A /* UIScrollView+SVInfiniteScrolling.m */ = {isa = PBXFileReference; fileEncoding = 4; lastKnownFileType = sourcecode.c.objc; path = "UIScrollView+SVInfiniteScrolling.m"; sourceTree = "<group>"; };
		957FA72B1D2A695500F17E7A /* UIScrollView+SVPullToRefresh.h */ = {isa = PBXFileReference; fileEncoding = 4; lastKnownFileType = sourcecode.c.h; path = "UIScrollView+SVPullToRefresh.h"; sourceTree = "<group>"; };
		957FA72C1D2A695500F17E7A /* UIScrollView+SVPullToRefresh.m */ = {isa = PBXFileReference; fileEncoding = 4; lastKnownFileType = sourcecode.c.objc; path = "UIScrollView+SVPullToRefresh.m"; sourceTree = "<group>"; };
		957FA7311D2A6D7A00F17E7A /* LYLocalUtil.h */ = {isa = PBXFileReference; fileEncoding = 4; lastKnownFileType = sourcecode.c.h; name = LYLocalUtil.h; path = Util/LYLocalUtil.h; sourceTree = "<group>"; };
		957FA7321D2A6D7A00F17E7A /* LYLocalUtil.m */ = {isa = PBXFileReference; fileEncoding = 4; lastKnownFileType = sourcecode.c.objc; name = LYLocalUtil.m; path = Util/LYLocalUtil.m; sourceTree = "<group>"; };
		957FA7361D2CFE0600F17E7A /* CLIColor.h */ = {isa = PBXFileReference; fileEncoding = 4; lastKnownFileType = sourcecode.c.h; path = CLIColor.h; sourceTree = "<group>"; };
		957FA7371D2CFE0600F17E7A /* CLIColor.m */ = {isa = PBXFileReference; fileEncoding = 4; lastKnownFileType = sourcecode.c.objc; path = CLIColor.m; sourceTree = "<group>"; };
		957FA7381D2CFE0600F17E7A /* CocoaLumberjack.h */ = {isa = PBXFileReference; fileEncoding = 4; lastKnownFileType = sourcecode.c.h; lineEnding = 0; path = CocoaLumberjack.h; sourceTree = "<group>"; xcLanguageSpecificationIdentifier = xcode.lang.objcpp; };
		957FA73A1D2CFE0600F17E7A /* DDAbstractDatabaseLogger.h */ = {isa = PBXFileReference; fileEncoding = 4; lastKnownFileType = sourcecode.c.h; path = DDAbstractDatabaseLogger.h; sourceTree = "<group>"; };
		957FA73B1D2CFE0600F17E7A /* DDAbstractDatabaseLogger.m */ = {isa = PBXFileReference; fileEncoding = 4; lastKnownFileType = sourcecode.c.objc; path = DDAbstractDatabaseLogger.m; sourceTree = "<group>"; };
		957FA73C1D2CFE0600F17E7A /* DDASLLogCapture.h */ = {isa = PBXFileReference; fileEncoding = 4; lastKnownFileType = sourcecode.c.h; path = DDASLLogCapture.h; sourceTree = "<group>"; };
		957FA73D1D2CFE0600F17E7A /* DDASLLogCapture.m */ = {isa = PBXFileReference; fileEncoding = 4; lastKnownFileType = sourcecode.c.objc; lineEnding = 0; path = DDASLLogCapture.m; sourceTree = "<group>"; xcLanguageSpecificationIdentifier = xcode.lang.objc; };
		957FA73E1D2CFE0600F17E7A /* DDASLLogger.h */ = {isa = PBXFileReference; fileEncoding = 4; lastKnownFileType = sourcecode.c.h; lineEnding = 0; path = DDASLLogger.h; sourceTree = "<group>"; xcLanguageSpecificationIdentifier = xcode.lang.objcpp; };
		957FA73F1D2CFE0600F17E7A /* DDASLLogger.m */ = {isa = PBXFileReference; fileEncoding = 4; lastKnownFileType = sourcecode.c.objc; lineEnding = 0; path = DDASLLogger.m; sourceTree = "<group>"; xcLanguageSpecificationIdentifier = xcode.lang.objc; };
		957FA7401D2CFE0600F17E7A /* DDAssertMacros.h */ = {isa = PBXFileReference; fileEncoding = 4; lastKnownFileType = sourcecode.c.h; path = DDAssertMacros.h; sourceTree = "<group>"; };
		957FA7411D2CFE0600F17E7A /* DDFileLogger.h */ = {isa = PBXFileReference; fileEncoding = 4; lastKnownFileType = sourcecode.c.h; path = DDFileLogger.h; sourceTree = "<group>"; };
		957FA7421D2CFE0600F17E7A /* DDFileLogger.m */ = {isa = PBXFileReference; fileEncoding = 4; lastKnownFileType = sourcecode.c.objc; lineEnding = 0; path = DDFileLogger.m; sourceTree = "<group>"; xcLanguageSpecificationIdentifier = xcode.lang.objc; };
		957FA7431D2CFE0600F17E7A /* DDLegacyMacros.h */ = {isa = PBXFileReference; fileEncoding = 4; lastKnownFileType = sourcecode.c.h; path = DDLegacyMacros.h; sourceTree = "<group>"; };
		957FA7441D2CFE0600F17E7A /* DDLog+LOGV.h */ = {isa = PBXFileReference; fileEncoding = 4; lastKnownFileType = sourcecode.c.h; path = "DDLog+LOGV.h"; sourceTree = "<group>"; };
		957FA7451D2CFE0600F17E7A /* DDLog.h */ = {isa = PBXFileReference; fileEncoding = 4; lastKnownFileType = sourcecode.c.h; path = DDLog.h; sourceTree = "<group>"; };
		957FA7461D2CFE0600F17E7A /* DDLog.m */ = {isa = PBXFileReference; fileEncoding = 4; lastKnownFileType = sourcecode.c.objc; path = DDLog.m; sourceTree = "<group>"; };
		957FA7471D2CFE0600F17E7A /* DDLogMacros.h */ = {isa = PBXFileReference; fileEncoding = 4; lastKnownFileType = sourcecode.c.h; path = DDLogMacros.h; sourceTree = "<group>"; };
		957FA7481D2CFE0600F17E7A /* DDTTYLogger.h */ = {isa = PBXFileReference; fileEncoding = 4; lastKnownFileType = sourcecode.c.h; path = DDTTYLogger.h; sourceTree = "<group>"; };
		957FA7491D2CFE0600F17E7A /* DDTTYLogger.m */ = {isa = PBXFileReference; fileEncoding = 4; lastKnownFileType = sourcecode.c.objc; path = DDTTYLogger.m; sourceTree = "<group>"; };
		957FA74B1D2CFE0600F17E7A /* DDContextFilterLogFormatter.h */ = {isa = PBXFileReference; fileEncoding = 4; lastKnownFileType = sourcecode.c.h; path = DDContextFilterLogFormatter.h; sourceTree = "<group>"; };
		957FA74C1D2CFE0600F17E7A /* DDContextFilterLogFormatter.m */ = {isa = PBXFileReference; fileEncoding = 4; lastKnownFileType = sourcecode.c.objc; path = DDContextFilterLogFormatter.m; sourceTree = "<group>"; };
		957FA74D1D2CFE0600F17E7A /* DDDispatchQueueLogFormatter.h */ = {isa = PBXFileReference; fileEncoding = 4; lastKnownFileType = sourcecode.c.h; lineEnding = 0; path = DDDispatchQueueLogFormatter.h; sourceTree = "<group>"; xcLanguageSpecificationIdentifier = xcode.lang.objcpp; };
		957FA74E1D2CFE0600F17E7A /* DDDispatchQueueLogFormatter.m */ = {isa = PBXFileReference; fileEncoding = 4; lastKnownFileType = sourcecode.c.objc; path = DDDispatchQueueLogFormatter.m; sourceTree = "<group>"; };
		957FA74F1D2CFE0600F17E7A /* DDMultiFormatter.h */ = {isa = PBXFileReference; fileEncoding = 4; lastKnownFileType = sourcecode.c.h; path = DDMultiFormatter.h; sourceTree = "<group>"; };
		957FA7501D2CFE0600F17E7A /* DDMultiFormatter.m */ = {isa = PBXFileReference; fileEncoding = 4; lastKnownFileType = sourcecode.c.objc; path = DDMultiFormatter.m; sourceTree = "<group>"; };
		957FA75C1D2D06F600F17E7A /* LogManager.h */ = {isa = PBXFileReference; fileEncoding = 4; lastKnownFileType = sourcecode.c.h; path = LogManager.h; sourceTree = "<group>"; };
		957FA75D1D2D06F600F17E7A /* LogManager.m */ = {isa = PBXFileReference; fileEncoding = 4; lastKnownFileType = sourcecode.c.objc; path = LogManager.m; sourceTree = "<group>"; };
		95ACB3551CE5D05100062FCA /* LYApp.app */ = {isa = PBXFileReference; explicitFileType = wrapper.application; includeInIndex = 0; path = LYApp.app; sourceTree = BUILT_PRODUCTS_DIR; };
		95ACB3591CE5D05100062FCA /* main.m */ = {isa = PBXFileReference; lastKnownFileType = sourcecode.c.objc; path = main.m; sourceTree = "<group>"; };
		95ACB35B1CE5D05100062FCA /* AppDelegate.h */ = {isa = PBXFileReference; lastKnownFileType = sourcecode.c.h; path = AppDelegate.h; sourceTree = "<group>"; };
		95ACB35C1CE5D05100062FCA /* AppDelegate.m */ = {isa = PBXFileReference; lastKnownFileType = sourcecode.c.objc; path = AppDelegate.m; sourceTree = "<group>"; };
		95ACB35E1CE5D05100062FCA /* GuaItemDetailViewController.h */ = {isa = PBXFileReference; lastKnownFileType = sourcecode.c.h; path = GuaItemDetailViewController.h; sourceTree = "<group>"; };
		95ACB35F1CE5D05100062FCA /* GuaItemDetailViewController.m */ = {isa = PBXFileReference; lastKnownFileType = sourcecode.c.objc; path = GuaItemDetailViewController.m; sourceTree = "<group>"; };
		95ACB3621CE5D05100062FCA /* Base */ = {isa = PBXFileReference; lastKnownFileType = file.storyboard; name = Base; path = Base.lproj/Main.storyboard; sourceTree = "<group>"; };
		95ACB3641CE5D05100062FCA /* Assets.xcassets */ = {isa = PBXFileReference; lastKnownFileType = folder.assetcatalog; path = Assets.xcassets; sourceTree = "<group>"; };
		95ACB3671CE5D05100062FCA /* Base */ = {isa = PBXFileReference; lastKnownFileType = file.storyboard; name = Base; path = Base.lproj/LaunchScreen.storyboard; sourceTree = "<group>"; };
		95ACB3691CE5D05100062FCA /* Info.plist */ = {isa = PBXFileReference; lastKnownFileType = text.plist.xml; path = Info.plist; sourceTree = "<group>"; };
		95ACB3721CE5D05200062FCA /* LYAppTests.m */ = {isa = PBXFileReference; lastKnownFileType = sourcecode.c.objc; path = LYAppTests.m; sourceTree = "<group>"; };
		95ACB3741CE5D05200062FCA /* Info.plist */ = {isa = PBXFileReference; lastKnownFileType = text.plist.xml; path = Info.plist; sourceTree = "<group>"; };
		95ACB37D1CE5D05200062FCA /* LYAppUITests.m */ = {isa = PBXFileReference; lastKnownFileType = sourcecode.c.objc; path = LYAppUITests.m; sourceTree = "<group>"; };
		95ACB37F1CE5D05200062FCA /* Info.plist */ = {isa = PBXFileReference; lastKnownFileType = text.plist.xml; path = Info.plist; sourceTree = "<group>"; };
		95ACB38B1CE5D65D00062FCA /* YYView.h */ = {isa = PBXFileReference; fileEncoding = 4; lastKnownFileType = sourcecode.c.h; path = YYView.h; sourceTree = "<group>"; };
		95ACB38C1CE5D65D00062FCA /* YYView.m */ = {isa = PBXFileReference; fileEncoding = 4; lastKnownFileType = sourcecode.c.objc; path = YYView.m; sourceTree = "<group>"; };
		95ACB3911CE5DCD500062FCA /* BaGuaView.h */ = {isa = PBXFileReference; fileEncoding = 4; lastKnownFileType = sourcecode.c.h; path = BaGuaView.h; sourceTree = "<group>"; };
		95ACB3921CE5DCD500062FCA /* BaGuaView.m */ = {isa = PBXFileReference; fileEncoding = 4; lastKnownFileType = sourcecode.c.objc; path = BaGuaView.m; sourceTree = "<group>"; };
		95ACB3941CE5E90200062FCA /* GuaManager.h */ = {isa = PBXFileReference; fileEncoding = 4; lastKnownFileType = sourcecode.c.h; path = GuaManager.h; sourceTree = "<group>"; };
		95ACB3951CE5E90200062FCA /* GuaManager.m */ = {isa = PBXFileReference; fileEncoding = 4; lastKnownFileType = sourcecode.c.objc; path = GuaManager.m; sourceTree = "<group>"; };
		95EC49C71D17FA8500C39546 /* LYMainViewController.h */ = {isa = PBXFileReference; fileEncoding = 4; lastKnownFileType = sourcecode.c.h; path = LYMainViewController.h; sourceTree = "<group>"; };
		95EC49C81D17FA8500C39546 /* LYMainViewController.m */ = {isa = PBXFileReference; fileEncoding = 4; lastKnownFileType = sourcecode.c.objc; path = LYMainViewController.m; sourceTree = "<group>"; };
		95EC49CB1D17FB9400C39546 /* LYClientViewController.h */ = {isa = PBXFileReference; fileEncoding = 4; lastKnownFileType = sourcecode.c.h; path = LYClientViewController.h; sourceTree = "<group>"; };
		95EC49CC1D17FB9400C39546 /* LYClientViewController.m */ = {isa = PBXFileReference; fileEncoding = 4; lastKnownFileType = sourcecode.c.objc; path = LYClientViewController.m; sourceTree = "<group>"; };
		95EC49CE1D18E63500C39546 /* PrefixHeader.pch */ = {isa = PBXFileReference; fileEncoding = 4; lastKnownFileType = sourcecode.c.h; path = PrefixHeader.pch; sourceTree = "<group>"; };
		95EC49D01D19116400C39546 /* QiGuaAlertView.h */ = {isa = PBXFileReference; fileEncoding = 4; lastKnownFileType = sourcecode.c.h; path = QiGuaAlertView.h; sourceTree = "<group>"; };
		95EC49D11D19116400C39546 /* QiGuaAlertView.m */ = {isa = PBXFileReference; fileEncoding = 4; lastKnownFileType = sourcecode.c.objc; path = QiGuaAlertView.m; sourceTree = "<group>"; };
		95EC49D41D192A0600C39546 /* UIColor+Hex.h */ = {isa = PBXFileReference; fileEncoding = 4; lastKnownFileType = sourcecode.c.h; path = "UIColor+Hex.h"; sourceTree = "<group>"; };
		95EC49D51D192A0600C39546 /* UIColor+Hex.m */ = {isa = PBXFileReference; fileEncoding = 4; lastKnownFileType = sourcecode.c.objc; path = "UIColor+Hex.m"; sourceTree = "<group>"; };
		95EC49D91D1A5D4300C39546 /* LYHelpViewController.h */ = {isa = PBXFileReference; fileEncoding = 4; lastKnownFileType = sourcecode.c.h; path = LYHelpViewController.h; sourceTree = "<group>"; };
		95EC49DA1D1A5D4300C39546 /* LYHelpViewController.m */ = {isa = PBXFileReference; fileEncoding = 4; lastKnownFileType = sourcecode.c.objc; path = LYHelpViewController.m; sourceTree = "<group>"; };
		95EC49E01D1A9F1300C39546 /* JingRoundView.m */ = {isa = PBXFileReference; fileEncoding = 4; lastKnownFileType = sourcecode.c.objc; path = JingRoundView.m; sourceTree = "<group>"; };
		95EC49E11D1A9F1300C39546 /* JingRoundView.h */ = {isa = PBXFileReference; fileEncoding = 4; lastKnownFileType = sourcecode.c.h; path = JingRoundView.h; sourceTree = "<group>"; };
		95EC49E51D1BBB4D00C39546 /* LYMyHistoryViewController.h */ = {isa = PBXFileReference; fileEncoding = 4; lastKnownFileType = sourcecode.c.h; path = LYMyHistoryViewController.h; sourceTree = "<group>"; };
		95EC49E61D1BBB4D00C39546 /* LYMyHistoryViewController.m */ = {isa = PBXFileReference; fileEncoding = 4; lastKnownFileType = sourcecode.c.objc; path = LYMyHistoryViewController.m; sourceTree = "<group>"; };
		95EC49EC1D1BBFA400C39546 /* LYLoginViewController.h */ = {isa = PBXFileReference; fileEncoding = 4; lastKnownFileType = sourcecode.c.h; path = LYLoginViewController.h; sourceTree = "<group>"; };
		95EC49ED1D1BBFA400C39546 /* LYLoginViewController.m */ = {isa = PBXFileReference; fileEncoding = 4; lastKnownFileType = sourcecode.c.objc; path = LYLoginViewController.m; sourceTree = "<group>"; };
		95EC49EF1D1BBFB100C39546 /* LYRegisterViewController.h */ = {isa = PBXFileReference; fileEncoding = 4; lastKnownFileType = sourcecode.c.h; path = LYRegisterViewController.h; sourceTree = "<group>"; };
		95EC49F01D1BBFB100C39546 /* LYRegisterViewController.m */ = {isa = PBXFileReference; fileEncoding = 4; lastKnownFileType = sourcecode.c.objc; path = LYRegisterViewController.m; sourceTree = "<group>"; };
		95EC49F41D1BEAFE00C39546 /* LYProtocalViewController.h */ = {isa = PBXFileReference; fileEncoding = 4; lastKnownFileType = sourcecode.c.h; path = LYProtocalViewController.h; sourceTree = "<group>"; };
		95EC49F51D1BEAFE00C39546 /* LYProtocalViewController.m */ = {isa = PBXFileReference; fileEncoding = 4; lastKnownFileType = sourcecode.c.objc; path = LYProtocalViewController.m; sourceTree = "<group>"; };
		95EC49F71D1BEB5900C39546 /* protocal.txt */ = {isa = PBXFileReference; fileEncoding = 4; lastKnownFileType = text; path = protocal.txt; sourceTree = "<group>"; };
/* End PBXFileReference section */

/* Begin PBXFrameworksBuildPhase section */
		95ACB3521CE5D05100062FCA /* Frameworks */ = {
			isa = PBXFrameworksBuildPhase;
			buildActionMask = 2147483647;
			files = (
				9526975F1D27A4DA001A6E3B /* JavaScriptCore.framework in Frameworks */,
				9526975D1D27A4D1001A6E3B /* libz.1.2.5.tbd in Frameworks */,
				9526975B1D27A466001A6E3B /* JSPatch.framework in Frameworks */,
				95016F921D23E1FF003460ED /* QuartzCore.framework in Frameworks */,
			);
			runOnlyForDeploymentPostprocessing = 0;
		};
/* End PBXFrameworksBuildPhase section */

/* Begin PBXGroup section */
		95016F2C1D23D75C003460ED /* Color */ = {
			isa = PBXGroup;
			children = (
				95EC49D41D192A0600C39546 /* UIColor+Hex.h */,
				95EC49D51D192A0600C39546 /* UIColor+Hex.m */,
			);
			name = Color;
			sourceTree = "<group>";
		};
		95016F2D1D23D767003460ED /* RoundView */ = {
			isa = PBXGroup;
			children = (
				95EC49E11D1A9F1300C39546 /* JingRoundView.h */,
				95EC49E01D1A9F1300C39546 /* JingRoundView.m */,
			);
			name = RoundView;
			sourceTree = "<group>";
		};
		95016F961D24B7C0003460ED /* toast */ = {
			isa = PBXGroup;
			children = (
				95016F9A1D24B7F5003460ED /* LYToast.h */,
				95016F9B1D24B7F5003460ED /* LYToast.m */,
				95016F971D24B7C0003460ED /* Toast+UIView.h */,
				95016F981D24B7C0003460ED /* Toast+UIView.m */,
			);
			path = toast;
			sourceTree = "<group>";
		};
		95016F9D1D24BB09003460ED /* 网络请求 */ = {
			isa = PBXGroup;
			children = (
				95016F9E1D24BC1B003460ED /* FetchBaseTask.h */,
				95016F9F1D24BC1B003460ED /* FetchBaseTask.m */,
				95016FA71D24C0DE003460ED /* HttpUtil.h */,
				95016FA81D24C0DE003460ED /* HttpUtil.m */,
			);
			name = "网络请求";
			sourceTree = "<group>";
		};
		95016FAA1D24C5B0003460ED /* AFNetworking */ = {
			isa = PBXGroup;
			children = (
				95016FAB1D24C5B0003460ED /* AFHTTPSessionManager.h */,
				95016FAC1D24C5B0003460ED /* AFHTTPSessionManager.m */,
				95016FAD1D24C5B0003460ED /* AFNetworking.h */,
				95016FAE1D24C5B0003460ED /* AFNetworkReachabilityManager.h */,
				95016FAF1D24C5B0003460ED /* AFNetworkReachabilityManager.m */,
				95016FB01D24C5B0003460ED /* AFSecurityPolicy.h */,
				95016FB11D24C5B0003460ED /* AFSecurityPolicy.m */,
				95016FB21D24C5B0003460ED /* AFURLRequestSerialization.h */,
				95016FB31D24C5B0003460ED /* AFURLRequestSerialization.m */,
				95016FB41D24C5B0003460ED /* AFURLResponseSerialization.h */,
				95016FB51D24C5B0003460ED /* AFURLResponseSerialization.m */,
				95016FB61D24C5B0003460ED /* AFURLSessionManager.h */,
				95016FB71D24C5B0003460ED /* AFURLSessionManager.m */,
			);
			name = AFNetworking;
			path = Http/AFNetworking;
			sourceTree = "<group>";
		};
		95016FB81D24C5B0003460ED /* UIKit+AFNetworking */ = {
			isa = PBXGroup;
			children = (
				95016FB91D24C5B0003460ED /* AFAutoPurgingImageCache.h */,
				95016FBA1D24C5B0003460ED /* AFAutoPurgingImageCache.m */,
				95016FBB1D24C5B0003460ED /* AFImageDownloader.h */,
				95016FBC1D24C5B0003460ED /* AFImageDownloader.m */,
				95016FBD1D24C5B0003460ED /* AFNetworkActivityIndicatorManager.h */,
				95016FBE1D24C5B0003460ED /* AFNetworkActivityIndicatorManager.m */,
				95016FBF1D24C5B0003460ED /* UIActivityIndicatorView+AFNetworking.h */,
				95016FC01D24C5B0003460ED /* UIActivityIndicatorView+AFNetworking.m */,
				95016FC11D24C5B0003460ED /* UIButton+AFNetworking.h */,
				95016FC21D24C5B0003460ED /* UIButton+AFNetworking.m */,
				95016FC31D24C5B0003460ED /* UIImage+AFNetworking.h */,
				95016FC41D24C5B0003460ED /* UIImageView+AFNetworking.h */,
				95016FC51D24C5B0003460ED /* UIImageView+AFNetworking.m */,
				95016FC61D24C5B0003460ED /* UIKit+AFNetworking.h */,
				95016FC71D24C5B0003460ED /* UIProgressView+AFNetworking.h */,
				95016FC81D24C5B0003460ED /* UIProgressView+AFNetworking.m */,
				95016FC91D24C5B0003460ED /* UIRefreshControl+AFNetworking.h */,
				95016FCA1D24C5B0003460ED /* UIRefreshControl+AFNetworking.m */,
				95016FCB1D24C5B0003460ED /* UIWebView+AFNetworking.h */,
				95016FCC1D24C5B0003460ED /* UIWebView+AFNetworking.m */,
			);
			name = "UIKit+AFNetworking";
			path = "Http/UIKit+AFNetworking";
			sourceTree = "<group>";
		};
		957FA71B1D2A050000F17E7A /* 设置 */ = {
			isa = PBXGroup;
			children = (
				957FA71F1D2A0B7100F17E7A /* View */,
				957FA71C1D2A053500F17E7A /* LYSettingViewController.h */,
				957FA71D1D2A053500F17E7A /* LYSettingViewController.m */,
			);
			name = "设置";
			sourceTree = "<group>";
		};
		957FA71F1D2A0B7100F17E7A /* View */ = {
			isa = PBXGroup;
			children = (
				957FA7201D2A0B8900F17E7A /* LYSettingCell.h */,
				957FA7211D2A0B8900F17E7A /* LYSettingCell.m */,
			);
			name = View;
			sourceTree = "<group>";
		};
		957FA7251D2A695500F17E7A /* SVPullToRefresh */ = {
			isa = PBXGroup;
			children = (
				957FA7281D2A695500F17E7A /* SVPullToRefresh.h */,
				957FA7291D2A695500F17E7A /* UIScrollView+SVInfiniteScrolling.h */,
				957FA72A1D2A695500F17E7A /* UIScrollView+SVInfiniteScrolling.m */,
				957FA72B1D2A695500F17E7A /* UIScrollView+SVPullToRefresh.h */,
				957FA72C1D2A695500F17E7A /* UIScrollView+SVPullToRefresh.m */,
			);
			path = SVPullToRefresh;
			sourceTree = "<group>";
		};
		957FA7301D2A6D5400F17E7A /* 本地化 */ = {
			isa = PBXGroup;
			children = (
				957FA7311D2A6D7A00F17E7A /* LYLocalUtil.h */,
				957FA7321D2A6D7A00F17E7A /* LYLocalUtil.m */,
			);
			name = "本地化";
			sourceTree = "<group>";
		};
		957FA7341D2CFE0600F17E7A /* Classes */ = {
			isa = PBXGroup;
			children = (
				957FA7351D2CFE0600F17E7A /* CLI */,
				957FA7381D2CFE0600F17E7A /* CocoaLumberjack.h */,
				957FA73A1D2CFE0600F17E7A /* DDAbstractDatabaseLogger.h */,
				957FA73B1D2CFE0600F17E7A /* DDAbstractDatabaseLogger.m */,
				957FA73C1D2CFE0600F17E7A /* DDASLLogCapture.h */,
				957FA73D1D2CFE0600F17E7A /* DDASLLogCapture.m */,
				957FA73E1D2CFE0600F17E7A /* DDASLLogger.h */,
				957FA73F1D2CFE0600F17E7A /* DDASLLogger.m */,
				957FA7401D2CFE0600F17E7A /* DDAssertMacros.h */,
				957FA7411D2CFE0600F17E7A /* DDFileLogger.h */,
				957FA7421D2CFE0600F17E7A /* DDFileLogger.m */,
				957FA7431D2CFE0600F17E7A /* DDLegacyMacros.h */,
				957FA7441D2CFE0600F17E7A /* DDLog+LOGV.h */,
				957FA7451D2CFE0600F17E7A /* DDLog.h */,
				957FA7461D2CFE0600F17E7A /* DDLog.m */,
				957FA7471D2CFE0600F17E7A /* DDLogMacros.h */,
				957FA7481D2CFE0600F17E7A /* DDTTYLogger.h */,
				957FA7491D2CFE0600F17E7A /* DDTTYLogger.m */,
				957FA74A1D2CFE0600F17E7A /* Extensions */,
			);
			path = Classes;
			sourceTree = "<group>";
		};
		957FA7351D2CFE0600F17E7A /* CLI */ = {
			isa = PBXGroup;
			children = (
				957FA7361D2CFE0600F17E7A /* CLIColor.h */,
				957FA7371D2CFE0600F17E7A /* CLIColor.m */,
			);
			path = CLI;
			sourceTree = "<group>";
		};
		957FA74A1D2CFE0600F17E7A /* Extensions */ = {
			isa = PBXGroup;
			children = (
				957FA74B1D2CFE0600F17E7A /* DDContextFilterLogFormatter.h */,
				957FA74C1D2CFE0600F17E7A /* DDContextFilterLogFormatter.m */,
				957FA74D1D2CFE0600F17E7A /* DDDispatchQueueLogFormatter.h */,
				957FA74E1D2CFE0600F17E7A /* DDDispatchQueueLogFormatter.m */,
				957FA74F1D2CFE0600F17E7A /* DDMultiFormatter.h */,
				957FA7501D2CFE0600F17E7A /* DDMultiFormatter.m */,
			);
			path = Extensions;
			sourceTree = "<group>";
		};
		957FA75F1D2D06FB00F17E7A /* LogManager */ = {
			isa = PBXGroup;
			children = (
				957FA75C1D2D06F600F17E7A /* LogManager.h */,
				957FA75D1D2D06F600F17E7A /* LogManager.m */,
			);
			name = LogManager;
			sourceTree = "<group>";
		};
		95ACB34C1CE5D05100062FCA = {
			isa = PBXGroup;
			children = (
				9526975E1D27A4DA001A6E3B /* JavaScriptCore.framework */,
				9526975C1D27A4D1001A6E3B /* libz.1.2.5.tbd */,
				95016F911D23E1FF003460ED /* QuartzCore.framework */,
				95ACB3571CE5D05100062FCA /* LYApp */,
				95ACB3711CE5D05200062FCA /* LYAppTests */,
				95ACB37C1CE5D05200062FCA /* LYAppUITests */,
				95ACB3561CE5D05100062FCA /* Products */,
			);
			sourceTree = "<group>";
		};
		95ACB3561CE5D05100062FCA /* Products */ = {
			isa = PBXGroup;
			children = (
				95ACB3551CE5D05100062FCA /* LYApp.app */,
			);
			name = Products;
			sourceTree = "<group>";
		};
		95ACB3571CE5D05100062FCA /* LYApp */ = {
			isa = PBXGroup;
			children = (
				957FA7301D2A6D5400F17E7A /* 本地化 */,
				95016F9D1D24BB09003460ED /* 网络请求 */,
				95EC49D31D1929F100C39546 /* Vender */,
				95EC49CA1D17FB5D00C39546 /* 页面 */,
				95EC49C61D17E8EF00C39546 /* Gua */,
				95ACB35B1CE5D05100062FCA /* AppDelegate.h */,
				95ACB35C1CE5D05100062FCA /* AppDelegate.m */,
				95ACB3611CE5D05100062FCA /* Main.storyboard */,
				95ACB3641CE5D05100062FCA /* Assets.xcassets */,
				95ACB3661CE5D05100062FCA /* LaunchScreen.storyboard */,
				95ACB3691CE5D05100062FCA /* Info.plist */,
				95ACB3581CE5D05100062FCA /* Supporting Files */,
			);
			path = LYApp;
			sourceTree = "<group>";
		};
		95ACB3581CE5D05100062FCA /* Supporting Files */ = {
			isa = PBXGroup;
			children = (
				9526975A1D27A466001A6E3B /* JSPatch.framework */,
				95ACB3591CE5D05100062FCA /* main.m */,
				95EC49CE1D18E63500C39546 /* PrefixHeader.pch */,
			);
			name = "Supporting Files";
			sourceTree = "<group>";
		};
		95ACB3711CE5D05200062FCA /* LYAppTests */ = {
			isa = PBXGroup;
			children = (
				95ACB3721CE5D05200062FCA /* LYAppTests.m */,
				95ACB3741CE5D05200062FCA /* Info.plist */,
			);
			path = LYAppTests;
			sourceTree = "<group>";
		};
		95ACB37C1CE5D05200062FCA /* LYAppUITests */ = {
			isa = PBXGroup;
			children = (
				95ACB37D1CE5D05200062FCA /* LYAppUITests.m */,
				95ACB37F1CE5D05200062FCA /* Info.plist */,
			);
			path = LYAppUITests;
			sourceTree = "<group>";
		};
		95EC49C61D17E8EF00C39546 /* Gua */ = {
			isa = PBXGroup;
			children = (
				95ACB38B1CE5D65D00062FCA /* YYView.h */,
				95ACB38C1CE5D65D00062FCA /* YYView.m */,
				95ACB3911CE5DCD500062FCA /* BaGuaView.h */,
				95ACB3921CE5DCD500062FCA /* BaGuaView.m */,
				95ACB3941CE5E90200062FCA /* GuaManager.h */,
				95ACB3951CE5E90200062FCA /* GuaManager.m */,
			);
			name = Gua;
			sourceTree = "<group>";
		};
		95EC49CA1D17FB5D00C39546 /* 页面 */ = {
			isa = PBXGroup;
			children = (
				957FA71B1D2A050000F17E7A /* 设置 */,
				95ACB35E1CE5D05100062FCA /* GuaItemDetailViewController.h */,
				95ACB35F1CE5D05100062FCA /* GuaItemDetailViewController.m */,
				95EC49EB1D1BBF9700C39546 /* 登录注册 */,
				95EC49CF1D19114A00C39546 /* View */,
				95EC49C71D17FA8500C39546 /* LYMainViewController.h */,
				95EC49C81D17FA8500C39546 /* LYMainViewController.m */,
				95EC49CB1D17FB9400C39546 /* LYClientViewController.h */,
				95EC49CC1D17FB9400C39546 /* LYClientViewController.m */,
				95EC49D91D1A5D4300C39546 /* LYHelpViewController.h */,
				95EC49DA1D1A5D4300C39546 /* LYHelpViewController.m */,
				95EC49E51D1BBB4D00C39546 /* LYMyHistoryViewController.h */,
				95EC49E61D1BBB4D00C39546 /* LYMyHistoryViewController.m */,
				957FA7181D274D0500F17E7A /* LYStudyViewController.h */,
				957FA7191D274D0500F17E7A /* LYStudyViewController.m */,
			);
			name = "页面";
			sourceTree = "<group>";
		};
		95EC49CF1D19114A00C39546 /* View */ = {
			isa = PBXGroup;
			children = (
				95EC49D01D19116400C39546 /* QiGuaAlertView.h */,
				95EC49D11D19116400C39546 /* QiGuaAlertView.m */,
				952697601D27C9D7001A6E3B /* LYTitleCell.h */,
				952697611D27C9D7001A6E3B /* LYTitleCell.m */,
				9579E21D1D291DF400F499DD /* LYSolveCell.h */,
				9579E21E1D291DF400F499DD /* LYSolveCell.m */,
				9579E21F1D291DF400F499DD /* LYSolveCell.xib */,
			);
			name = View;
			sourceTree = "<group>";
		};
		95EC49D31D1929F100C39546 /* Vender */ = {
			isa = PBXGroup;
			children = (
				957FA75F1D2D06FB00F17E7A /* LogManager */,
				957FA7341D2CFE0600F17E7A /* Classes */,
				957FA7251D2A695500F17E7A /* SVPullToRefresh */,
				95016FAA1D24C5B0003460ED /* AFNetworking */,
				95016FB81D24C5B0003460ED /* UIKit+AFNetworking */,
				95016F961D24B7C0003460ED /* toast */,
				95016F2D1D23D767003460ED /* RoundView */,
				95016F2C1D23D75C003460ED /* Color */,
			);
			name = Vender;
			sourceTree = "<group>";
		};
		95EC49EB1D1BBF9700C39546 /* 登录注册 */ = {
			isa = PBXGroup;
			children = (
				95EC49EC1D1BBFA400C39546 /* LYLoginViewController.h */,
				95EC49ED1D1BBFA400C39546 /* LYLoginViewController.m */,
				95EC49EF1D1BBFB100C39546 /* LYRegisterViewController.h */,
				95EC49F01D1BBFB100C39546 /* LYRegisterViewController.m */,
				95EC49F41D1BEAFE00C39546 /* LYProtocalViewController.h */,
				95EC49F51D1BEAFE00C39546 /* LYProtocalViewController.m */,
				95016F1D1D23D1D4003460ED /* UserManager.h */,
				95016F1E1D23D1D4003460ED /* UserManager.m */,
				95EC49F71D1BEB5900C39546 /* protocal.txt */,
			);
			name = "登录注册";
			sourceTree = "<group>";
		};
/* End PBXGroup section */

/* Begin PBXNativeTarget section */
		95ACB3541CE5D05100062FCA /* LYApp */ = {
			isa = PBXNativeTarget;
			buildConfigurationList = 95ACB3821CE5D05200062FCA /* Build configuration list for PBXNativeTarget "LYApp" */;
			buildPhases = (
				95ACB3511CE5D05100062FCA /* Sources */,
				95ACB3521CE5D05100062FCA /* Frameworks */,
				95ACB3531CE5D05100062FCA /* Resources */,
			);
			buildRules = (
			);
			dependencies = (
			);
			name = LYApp;
			productName = LYApp;
			productReference = 95ACB3551CE5D05100062FCA /* LYApp.app */;
			productType = "com.apple.product-type.application";
		};
/* End PBXNativeTarget section */

/* Begin PBXProject section */
		95ACB34D1CE5D05100062FCA /* Project object */ = {
			isa = PBXProject;
			attributes = {
				LastUpgradeCheck = 0730;
				ORGANIZATIONNAME = lichanghong;
				TargetAttributes = {
					95ACB3541CE5D05100062FCA = {
						CreatedOnToolsVersion = 7.3;
						DevelopmentTeam = 86455TAXDJ;
					};
				};
			};
			buildConfigurationList = 95ACB3501CE5D05100062FCA /* Build configuration list for PBXProject "LYApp" */;
			compatibilityVersion = "Xcode 3.2";
			developmentRegion = English;
			hasScannedForEncodings = 0;
			knownRegions = (
				en,
				Base,
			);
			mainGroup = 95ACB34C1CE5D05100062FCA;
			productRefGroup = 95ACB3561CE5D05100062FCA /* Products */;
			projectDirPath = "";
			projectRoot = "";
			targets = (
				95ACB3541CE5D05100062FCA /* LYApp */,
			);
		};
/* End PBXProject section */

/* Begin PBXResourcesBuildPhase section */
		95ACB3531CE5D05100062FCA /* Resources */ = {
			isa = PBXResourcesBuildPhase;
			buildActionMask = 2147483647;
			files = (
				95ACB3681CE5D05100062FCA /* LaunchScreen.storyboard in Resources */,
				95ACB3651CE5D05100062FCA /* Assets.xcassets in Resources */,
				95EC49F81D1BEB5900C39546 /* protocal.txt in Resources */,
				95ACB3631CE5D05100062FCA /* Main.storyboard in Resources */,
				9579E2211D291DF400F499DD /* LYSolveCell.xib in Resources */,
			);
			runOnlyForDeploymentPostprocessing = 0;
		};
/* End PBXResourcesBuildPhase section */

/* Begin PBXSourcesBuildPhase section */
		95ACB3511CE5D05100062FCA /* Sources */ = {
			isa = PBXSourcesBuildPhase;
			buildActionMask = 2147483647;
			files = (
				95016FD71D24C5B0003460ED /* UIButton+AFNetworking.m in Sources */,
				957FA7591D2CFE0600F17E7A /* DDContextFilterLogFormatter.m in Sources */,
				95016FD01D24C5B0003460ED /* AFURLRequestSerialization.m in Sources */,
				95ACB38D1CE5D65D00062FCA /* YYView.m in Sources */,
				95EC49E21D1A9F1300C39546 /* JingRoundView.m in Sources */,
				952697621D27C9D7001A6E3B /* LYTitleCell.m in Sources */,
				95016FD91D24C5B0003460ED /* UIProgressView+AFNetworking.m in Sources */,
				957FA7571D2CFE0600F17E7A /* DDLog.m in Sources */,
				95016FD61D24C5B0003460ED /* UIActivityIndicatorView+AFNetworking.m in Sources */,
				95EC49D61D192A0600C39546 /* UIColor+Hex.m in Sources */,
				957FA7511D2CFE0600F17E7A /* CLIColor.m in Sources */,
				95016FDA1D24C5B0003460ED /* UIRefreshControl+AFNetworking.m in Sources */,
				95016FD21D24C5B0003460ED /* AFURLSessionManager.m in Sources */,
				95ACB3961CE5E90200062FCA /* GuaManager.m in Sources */,
				95EC49EE1D1BBFA400C39546 /* LYLoginViewController.m in Sources */,
				957FA72F1D2A695500F17E7A /* UIScrollView+SVPullToRefresh.m in Sources */,
				95EC49E71D1BBB4D00C39546 /* LYMyHistoryViewController.m in Sources */,
				95ACB3931CE5DCD500062FCA /* BaGuaView.m in Sources */,
				957FA72E1D2A695500F17E7A /* UIScrollView+SVInfiniteScrolling.m in Sources */,
				957FA71A1D274D0500F17E7A /* LYStudyViewController.m in Sources */,
				95016F9C1D24B7F5003460ED /* LYToast.m in Sources */,
				957FA7561D2CFE0600F17E7A /* DDFileLogger.m in Sources */,
				957FA7531D2CFE0600F17E7A /* DDAbstractDatabaseLogger.m in Sources */,
				95EC49C91D17FA8500C39546 /* LYMainViewController.m in Sources */,
				95ACB3601CE5D05100062FCA /* GuaItemDetailViewController.m in Sources */,
				95016F1F1D23D1D4003460ED /* UserManager.m in Sources */,
				95016FCE1D24C5B0003460ED /* AFNetworkReachabilityManager.m in Sources */,
				957FA71E1D2A053500F17E7A /* LYSettingViewController.m in Sources */,
				95016FD31D24C5B0003460ED /* AFAutoPurgingImageCache.m in Sources */,
				95ACB35D1CE5D05100062FCA /* AppDelegate.m in Sources */,
				95EC49DB1D1A5D4300C39546 /* LYHelpViewController.m in Sources */,
				95016FD41D24C5B0003460ED /* AFImageDownloader.m in Sources */,
				95016FD51D24C5B0003460ED /* AFNetworkActivityIndicatorManager.m in Sources */,
				95016FCD1D24C5B0003460ED /* AFHTTPSessionManager.m in Sources */,
				95EC49D21D19116400C39546 /* QiGuaAlertView.m in Sources */,
				957FA7331D2A6D7A00F17E7A /* LYLocalUtil.m in Sources */,
				95016FA91D24C0DE003460ED /* HttpUtil.m in Sources */,
				95016FD81D24C5B0003460ED /* UIImageView+AFNetworking.m in Sources */,
				957FA75E1D2D06F600F17E7A /* LogManager.m in Sources */,
				9579E2201D291DF400F499DD /* LYSolveCell.m in Sources */,
				957FA75B1D2CFE0600F17E7A /* DDMultiFormatter.m in Sources */,
				95EC49CD1D17FB9400C39546 /* LYClientViewController.m in Sources */,
				95016FA01D24BC1B003460ED /* FetchBaseTask.m in Sources */,
				95EC49F11D1BBFB100C39546 /* LYRegisterViewController.m in Sources */,
				957FA7551D2CFE0600F17E7A /* DDASLLogger.m in Sources */,
				95016FCF1D24C5B0003460ED /* AFSecurityPolicy.m in Sources */,
				95016F991D24B7C0003460ED /* Toast+UIView.m in Sources */,
				957FA7581D2CFE0600F17E7A /* DDTTYLogger.m in Sources */,
				957FA75A1D2CFE0600F17E7A /* DDDispatchQueueLogFormatter.m in Sources */,
				957FA7541D2CFE0600F17E7A /* DDASLLogCapture.m in Sources */,
				95016FDB1D24C5B0003460ED /* UIWebView+AFNetworking.m in Sources */,
				95ACB35A1CE5D05100062FCA /* main.m in Sources */,
				957FA7221D2A0B8900F17E7A /* LYSettingCell.m in Sources */,
				95016FD11D24C5B0003460ED /* AFURLResponseSerialization.m in Sources */,
				95EC49F61D1BEAFE00C39546 /* LYProtocalViewController.m in Sources */,
			);
			runOnlyForDeploymentPostprocessing = 0;
		};
/* End PBXSourcesBuildPhase section */

/* Begin PBXVariantGroup section */
		95ACB3611CE5D05100062FCA /* Main.storyboard */ = {
			isa = PBXVariantGroup;
			children = (
				95ACB3621CE5D05100062FCA /* Base */,
			);
			name = Main.storyboard;
			sourceTree = "<group>";
		};
		95ACB3661CE5D05100062FCA /* LaunchScreen.storyboard */ = {
			isa = PBXVariantGroup;
			children = (
				95ACB3671CE5D05100062FCA /* Base */,
			);
			name = LaunchScreen.storyboard;
			sourceTree = "<group>";
		};
/* End PBXVariantGroup section */

/* Begin XCBuildConfiguration section */
		95ACB3801CE5D05200062FCA /* Debug */ = {
			isa = XCBuildConfiguration;
			buildSettings = {
				ALWAYS_SEARCH_USER_PATHS = NO;
				CLANG_ANALYZER_NONNULL = YES;
				CLANG_CXX_LANGUAGE_STANDARD = "gnu++0x";
				CLANG_CXX_LIBRARY = "libc++";
				CLANG_ENABLE_MODULES = YES;
				CLANG_ENABLE_OBJC_ARC = YES;
				CLANG_WARN_BOOL_CONVERSION = YES;
				CLANG_WARN_CONSTANT_CONVERSION = YES;
				CLANG_WARN_DIRECT_OBJC_ISA_USAGE = YES_ERROR;
				CLANG_WARN_EMPTY_BODY = YES;
				CLANG_WARN_ENUM_CONVERSION = YES;
				CLANG_WARN_INT_CONVERSION = YES;
				CLANG_WARN_OBJC_ROOT_CLASS = YES_ERROR;
				CLANG_WARN_UNREACHABLE_CODE = YES;
				CLANG_WARN__DUPLICATE_METHOD_MATCH = YES;
				"CODE_SIGN_IDENTITY[sdk=iphoneos*]" = "iPhone Developer";
				COPY_PHASE_STRIP = NO;
				DEBUG_INFORMATION_FORMAT = dwarf;
				ENABLE_STRICT_OBJC_MSGSEND = YES;
				ENABLE_TESTABILITY = YES;
				GCC_C_LANGUAGE_STANDARD = gnu99;
				GCC_DYNAMIC_NO_PIC = NO;
				GCC_NO_COMMON_BLOCKS = YES;
				GCC_OPTIMIZATION_LEVEL = 0;
				GCC_PREPROCESSOR_DEFINITIONS = (
					"DEBUG=1",
					"$(inherited)",
				);
				GCC_WARN_64_TO_32_BIT_CONVERSION = YES;
				GCC_WARN_ABOUT_RETURN_TYPE = YES_ERROR;
				GCC_WARN_UNDECLARED_SELECTOR = YES;
				GCC_WARN_UNINITIALIZED_AUTOS = YES_AGGRESSIVE;
				GCC_WARN_UNUSED_FUNCTION = YES;
				GCC_WARN_UNUSED_VARIABLE = YES;
				IPHONEOS_DEPLOYMENT_TARGET = 9.3;
				MTL_ENABLE_DEBUG_INFO = YES;
				ONLY_ACTIVE_ARCH = YES;
				SDKROOT = iphoneos;
				TARGETED_DEVICE_FAMILY = "1,2";
			};
			name = Debug;
		};
		95ACB3811CE5D05200062FCA /* Release */ = {
			isa = XCBuildConfiguration;
			buildSettings = {
				ALWAYS_SEARCH_USER_PATHS = NO;
				CLANG_ANALYZER_NONNULL = YES;
				CLANG_CXX_LANGUAGE_STANDARD = "gnu++0x";
				CLANG_CXX_LIBRARY = "libc++";
				CLANG_ENABLE_MODULES = YES;
				CLANG_ENABLE_OBJC_ARC = YES;
				CLANG_WARN_BOOL_CONVERSION = YES;
				CLANG_WARN_CONSTANT_CONVERSION = YES;
				CLANG_WARN_DIRECT_OBJC_ISA_USAGE = YES_ERROR;
				CLANG_WARN_EMPTY_BODY = YES;
				CLANG_WARN_ENUM_CONVERSION = YES;
				CLANG_WARN_INT_CONVERSION = YES;
				CLANG_WARN_OBJC_ROOT_CLASS = YES_ERROR;
				CLANG_WARN_UNREACHABLE_CODE = YES;
				CLANG_WARN__DUPLICATE_METHOD_MATCH = YES;
				"CODE_SIGN_IDENTITY[sdk=iphoneos*]" = "iPhone Developer";
				COPY_PHASE_STRIP = NO;
				DEBUG_INFORMATION_FORMAT = "dwarf-with-dsym";
				ENABLE_NS_ASSERTIONS = NO;
				ENABLE_STRICT_OBJC_MSGSEND = YES;
				GCC_C_LANGUAGE_STANDARD = gnu99;
				GCC_NO_COMMON_BLOCKS = YES;
				GCC_WARN_64_TO_32_BIT_CONVERSION = YES;
				GCC_WARN_ABOUT_RETURN_TYPE = YES_ERROR;
				GCC_WARN_UNDECLARED_SELECTOR = YES;
				GCC_WARN_UNINITIALIZED_AUTOS = YES_AGGRESSIVE;
				GCC_WARN_UNUSED_FUNCTION = YES;
				GCC_WARN_UNUSED_VARIABLE = YES;
				IPHONEOS_DEPLOYMENT_TARGET = 9.3;
				MTL_ENABLE_DEBUG_INFO = NO;
				SDKROOT = iphoneos;
				TARGETED_DEVICE_FAMILY = "1,2";
				VALIDATE_PRODUCT = YES;
			};
			name = Release;
		};
		95ACB3831CE5D05200062FCA /* Debug */ = {
			isa = XCBuildConfiguration;
			buildSettings = {
				ALWAYS_SEARCH_USER_PATHS = NO;
				ASSETCATALOG_COMPILER_APPICON_NAME = AppIcon;
				CODE_SIGN_IDENTITY = "iPhone Distribution: MoBiShenQi (Beijing) IT Technology Co., Ltd.";
				"CODE_SIGN_IDENTITY[sdk=iphoneos*]" = "iPhone Developer";
				FRAMEWORK_SEARCH_PATHS = (
					"$(inherited)",
					"$(PROJECT_DIR)/LYApp",
				);
				GCC_PRECOMPILE_PREFIX_HEADER = NO;
				GCC_PREFIX_HEADER = LYApp/PrefixHeader.pch;
				INFOPLIST_FILE = LYApp/Info.plist;
				IPHONEOS_DEPLOYMENT_TARGET = 7.0;
				LD_RUNPATH_SEARCH_PATHS = "$(inherited) @executable_path/Frameworks";
				PRODUCT_BUNDLE_IDENTIFIER = com.haihong.lyapp;
				PRODUCT_NAME = "$(TARGET_NAME)";
				PROVISIONING_PROFILE = "";
			};
			name = Debug;
		};
		95ACB3841CE5D05200062FCA /* Release */ = {
			isa = XCBuildConfiguration;
			buildSettings = {
				ALWAYS_SEARCH_USER_PATHS = NO;
				ASSETCATALOG_COMPILER_APPICON_NAME = AppIcon;
				CODE_SIGN_IDENTITY = "iPhone Distribution: MoBiShenQi (Beijing) IT Technology Co., Ltd.";
				"CODE_SIGN_IDENTITY[sdk=iphoneos*]" = "iPhone Developer: 1211054926@qq.com (U2JMQ294F3)";
				FRAMEWORK_SEARCH_PATHS = (
					"$(inherited)",
					"$(PROJECT_DIR)/LYApp",
				);
				GCC_PRECOMPILE_PREFIX_HEADER = NO;
				GCC_PREFIX_HEADER = LYApp/PrefixHeader.pch;
				INFOPLIST_FILE = LYApp/Info.plist;
				IPHONEOS_DEPLOYMENT_TARGET = 7.0;
				LD_RUNPATH_SEARCH_PATHS = "$(inherited) @executable_path/Frameworks";
				PRODUCT_BUNDLE_IDENTIFIER = com.haihong.lyapp;
				PRODUCT_NAME = "$(TARGET_NAME)";
				PROVISIONING_PROFILE = "";
			};
			name = Release;
		};
/* End XCBuildConfiguration section */

/* Begin XCConfigurationList section */
		95ACB3501CE5D05100062FCA /* Build configuration list for PBXProject "LYApp" */ = {
			isa = XCConfigurationList;
			buildConfigurations = (
				95ACB3801CE5D05200062FCA /* Debug */,
				95ACB3811CE5D05200062FCA /* Release */,
			);
			defaultConfigurationIsVisible = 0;
			defaultConfigurationName = Release;
		};
		95ACB3821CE5D05200062FCA /* Build configuration list for PBXNativeTarget "LYApp" */ = {
			isa = XCConfigurationList;
			buildConfigurations = (
				95ACB3831CE5D05200062FCA /* Debug */,
				95ACB3841CE5D05200062FCA /* Release */,
			);
			defaultConfigurationIsVisible = 0;
			defaultConfigurationName = Release;
		};
/* End XCConfigurationList section */
	};
	rootObject = 95ACB34D1CE5D05100062FCA /* Project object */;
}
